
Microsoft Visual Studio Solution File, Format Version 12.00
# Visual Studio Version 17
VisualStudioVersion = 17.10.35013.160
MinimumVisualStudioVersion = 10.0.40219.1
Project("{9A19103F-16F7-4668-BE54-9A1E7A4F7556}") = "RegistroTecnico", "RegistroTecnico.csproj", "{30895089-40D4-4CBF-893F-848F26AA1C68}"
EndProject
Global
	GlobalSection(SolutionConfigurationPlatforms) = preSolution
		Debug|Any CPU = Debug|Any CPU
		Release|Any CPU = Release|Any CPU
	EndGlobalSection
	GlobalSection(ProjectConfigurationPlatforms) = postSolution
		{30895089-40D4-4CBF-893F-848F26AA1C68}.Debug|Any CPU.ActiveCfg = Debug|Any CPU
		{30895089-40D4-4CBF-893F-848F26AA1C68}.Debug|Any CPU.Build.0 = Debug|Any CPU
		{30895089-40D4-4CBF-893F-848F26AA1C68}.Release|Any CPU.ActiveCfg = Release|Any CPU
		{30895089-40D4-4CBF-893F-848F26AA1C68}.Release|Any CPU.Build.0 = Release|Any CPU
	EndGlobalSection
	GlobalSection(SolutionProperties) = preSolution
		HideSolutionNode = FALSE
	EndGlobalSection
	GlobalSection(ExtensibilityGlobals) = postSolution
		SolutionGuid = {59E25636-8D1B-4343-8F12-1473F7A5FE6E}
	EndGlobalSection
EndGlobal
